
Microsoft Visual Studio Solution File, Format Version 12.00
# Visual Studio 15
VisualStudioVersion = 15.0.28010.2026
MinimumVisualStudioVersion = 10.0.40219.1
Project("{FAE04EC0-301F-11D3-BF4B-00C04F79EFBC}") = "SqliteOpdrachten.Android", "SqliteOpdrachten\SqliteOpdrachten.Android\SqliteOpdrachten.Android.csproj", "{87D30F41-414C-4589-986D-8BAC86383424}"
EndProject
Project("{FAE04EC0-301F-11D3-BF4B-00C04F79EFBC}") = "SqliteOpdrachten.iOS", "SqliteOpdrachten\SqliteOpdrachten.iOS\SqliteOpdrachten.iOS.csproj", "{D6C9D433-878C-4D2F-A754-825E59F9770D}"
EndProject
Project("{FAE04EC0-301F-11D3-BF4B-00C04F79EFBC}") = "SqliteOpdrachten.UWP", "SqliteOpdrachten\SqliteOpdrachten.UWP\SqliteOpdrachten.UWP.csproj", "{96DFDD14-881D-498D-8F5B-54427FAE8E07}"
EndProject
Project("{FAE04EC0-301F-11D3-BF4B-00C04F79EFBC}") = "SqliteOpdrachten", "SqliteOpdrachten\SqliteOpdrachten\SqliteOpdrachten.csproj", "{04DBC798-8CE9-47E6-9607-8B8F8BFE046F}"
EndProject
Global
	GlobalSection(SolutionConfigurationPlatforms) = preSolution
		Ad-Hoc|Any CPU = Ad-Hoc|Any CPU
		Ad-Hoc|ARM = Ad-Hoc|ARM
		Ad-Hoc|iPhone = Ad-Hoc|iPhone
		Ad-Hoc|iPhoneSimulator = Ad-Hoc|iPhoneSimulator
		Ad-Hoc|x64 = Ad-Hoc|x64
		Ad-Hoc|x86 = Ad-Hoc|x86
		AppStore|Any CPU = AppStore|Any CPU
		AppStore|ARM = AppStore|ARM
		AppStore|iPhone = AppStore|iPhone
		AppStore|iPhoneSimulator = AppStore|iPhoneSimulator
		AppStore|x64 = AppStore|x64
		AppStore|x86 = AppStore|x86
		Debug|Any CPU = Debug|Any CPU
		Debug|ARM = Debug|ARM
		Debug|iPhone = Debug|iPhone
		Debug|iPhoneSimulator = Debug|iPhoneSimulator
		Debug|x64 = Debug|x64
		Debug|x86 = Debug|x86
		Release|Any CPU = Release|Any CPU
		Release|ARM = Release|ARM
		Release|iPhone = Release|iPhone
		Release|iPhoneSimulator = Release|iPhoneSimulator
		Release|x64 = Release|x64
		Release|x86 = Release|x86
	EndGlobalSection
	GlobalSection(ProjectConfigurationPlatforms) = postSolution
		{87D30F41-414C-4589-986D-8BAC86383424}.Ad-Hoc|Any CPU.ActiveCfg = Release|Any CPU
		{87D30F41-414C-4589-986D-8BAC86383424}.Ad-Hoc|Any CPU.Build.0 = Release|Any CPU
		{87D30F41-414C-4589-986D-8BAC86383424}.Ad-Hoc|Any CPU.Deploy.0 = Release|Any CPU
		{87D30F41-414C-4589-986D-8BAC86383424}.Ad-Hoc|ARM.ActiveCfg = Release|Any CPU
		{87D30F41-414C-4589-986D-8BAC86383424}.Ad-Hoc|ARM.Build.0 = Release|Any CPU
		{87D30F41-414C-4589-986D-8BAC86383424}.Ad-Hoc|ARM.Deploy.0 = Release|Any CPU
		{87D30F41-414C-4589-986D-8BAC86383424}.Ad-Hoc|iPhone.ActiveCfg = Release|Any CPU
		{87D30F41-414C-4589-986D-8BAC86383424}.Ad-Hoc|iPhone.Build.0 = Release|Any CPU
		{87D30F41-414C-4589-986D-8BAC86383424}.Ad-Hoc|iPhone.Deploy.0 = Release|Any CPU
		{87D30F41-414C-4589-986D-8BAC86383424}.Ad-Hoc|iPhoneSimulator.ActiveCfg = Release|Any CPU
		{87D30F41-414C-4589-986D-8BAC86383424}.Ad-Hoc|iPhoneSimulator.Build.0 = Release|Any CPU
		{87D30F41-414C-4589-986D-8BAC86383424}.Ad-Hoc|iPhoneSimulator.Deploy.0 = Release|Any CPU
		{87D30F41-414C-4589-986D-8BAC86383424}.Ad-Hoc|x64.ActiveCfg = Release|Any CPU
		{87D30F41-414C-4589-986D-8BAC86383424}.Ad-Hoc|x64.Build.0 = Release|Any CPU
		{87D30F41-414C-4589-986D-8BAC86383424}.Ad-Hoc|x64.Deploy.0 = Release|Any CPU
		{87D30F41-414C-4589-986D-8BAC86383424}.Ad-Hoc|x86.ActiveCfg = Release|Any CPU
		{87D30F41-414C-4589-986D-8BAC86383424}.Ad-Hoc|x86.Build.0 = Release|Any CPU
		{87D30F41-414C-4589-986D-8BAC86383424}.Ad-Hoc|x86.Deploy.0 = Release|Any CPU
		{87D30F41-414C-4589-986D-8BAC86383424}.AppStore|Any CPU.ActiveCfg = Release|Any CPU
		{87D30F41-414C-4589-986D-8BAC86383424}.AppStore|Any CPU.Build.0 = Release|Any CPU
		{87D30F41-414C-4589-986D-8BAC86383424}.AppStore|Any CPU.Deploy.0 = Release|Any CPU
		{87D30F41-414C-4589-986D-8BAC86383424}.AppStore|ARM.ActiveCfg = Release|Any CPU
		{87D30F41-414C-4589-986D-8BAC86383424}.AppStore|ARM.Build.0 = Release|Any CPU
		{87D30F41-414C-4589-986D-8BAC86383424}.AppStore|ARM.Deploy.0 = Release|Any CPU
		{87D30F41-414C-4589-986D-8BAC86383424}.AppStore|iPhone.ActiveCfg = Release|Any CPU
		{87D30F41-414C-4589-986D-8BAC86383424}.AppStore|iPhone.Build.0 = Release|Any CPU
		{87D30F41-414C-4589-986D-8BAC86383424}.AppStore|iPhone.Deploy.0 = Release|Any CPU
		{87D30F41-414C-4589-986D-8BAC86383424}.AppStore|iPhoneSimulator.ActiveCfg = Release|Any CPU
		{87D30F41-414C-4589-986D-8BAC86383424}.AppStore|iPhoneSimulator.Build.0 = Release|Any CPU
		{87D30F41-414C-4589-986D-8BAC86383424}.AppStore|iPhoneSimulator.Deploy.0 = Release|Any CPU
		{87D30F41-414C-4589-986D-8BAC86383424}.AppStore|x64.ActiveCfg = Release|Any CPU
		{87D30F41-414C-4589-986D-8BAC86383424}.AppStore|x64.Build.0 = Release|Any CPU
		{87D30F41-414C-4589-986D-8BAC86383424}.AppStore|x64.Deploy.0 = Release|Any CPU
		{87D30F41-414C-4589-986D-8BAC86383424}.AppStore|x86.ActiveCfg = Release|Any CPU
		{87D30F41-414C-4589-986D-8BAC86383424}.AppStore|x86.Build.0 = Release|Any CPU
		{87D30F41-414C-4589-986D-8BAC86383424}.AppStore|x86.Deploy.0 = Release|Any CPU
		{87D30F41-414C-4589-986D-8BAC86383424}.Debug|Any CPU.ActiveCfg = Debug|Any CPU
		{87D30F41-414C-4589-986D-8BAC86383424}.Debug|Any CPU.Build.0 = Debug|Any CPU
		{87D30F41-414C-4589-986D-8BAC86383424}.Debug|Any CPU.Deploy.0 = Debug|Any CPU
		{87D30F41-414C-4589-986D-8BAC86383424}.Debug|ARM.ActiveCfg = Debug|Any CPU
		{87D30F41-414C-4589-986D-8BAC86383424}.Debug|ARM.Build.0 = Debug|Any CPU
		{87D30F41-414C-4589-986D-8BAC86383424}.Debug|ARM.Deploy.0 = Debug|Any CPU
		{87D30F41-414C-4589-986D-8BAC86383424}.Debug|iPhone.ActiveCfg = Debug|Any CPU
		{87D30F41-414C-4589-986D-8BAC86383424}.Debug|iPhone.Build.0 = Debug|Any CPU
		{87D30F41-414C-4589-986D-8BAC86383424}.Debug|iPhone.Deploy.0 = Debug|Any CPU
		{87D30F41-414C-4589-986D-8BAC86383424}.Debug|iPhoneSimulator.ActiveCfg = Debug|Any CPU
		{87D30F41-414C-4589-986D-8BAC86383424}.Debug|iPhoneSimulator.Build.0 = Debug|Any CPU
		{87D30F41-414C-4589-986D-8BAC86383424}.Debug|iPhoneSimulator.Deploy.0 = Debug|Any CPU
		{87D30F41-414C-4589-986D-8BAC86383424}.Debug|x64.ActiveCfg = Debug|Any CPU
		{87D30F41-414C-4589-986D-8BAC86383424}.Debug|x64.Build.0 = Debug|Any CPU
		{87D30F41-414C-4589-986D-8BAC86383424}.Debug|x64.Deploy.0 = Debug|Any CPU
		{87D30F41-414C-4589-986D-8BAC86383424}.Debug|x86.ActiveCfg = Debug|Any CPU
		{87D30F41-414C-4589-986D-8BAC86383424}.Debug|x86.Build.0 = Debug|Any CPU
		{87D30F41-414C-4589-986D-8BAC86383424}.Debug|x86.Deploy.0 = Debug|Any CPU
		{87D30F41-414C-4589-986D-8BAC86383424}.Release|Any CPU.ActiveCfg = Release|Any CPU
		{87D30F41-414C-4589-986D-8BAC86383424}.Release|Any CPU.Build.0 = Release|Any CPU
		{87D30F41-414C-4589-986D-8BAC86383424}.Release|Any CPU.Deploy.0 = Release|Any CPU
		{87D30F41-414C-4589-986D-8BAC86383424}.Release|ARM.ActiveCfg = Release|Any CPU
		{87D30F41-414C-4589-986D-8BAC86383424}.Release|ARM.Build.0 = Release|Any CPU
		{87D30F41-414C-4589-986D-8BAC86383424}.Release|ARM.Deploy.0 = Release|Any CPU
		{87D30F41-414C-4589-986D-8BAC86383424}.Release|iPhone.ActiveCfg = Release|Any CPU
		{87D30F41-414C-4589-986D-8BAC86383424}.Release|iPhone.Build.0 = Release|Any CPU
		{87D30F41-414C-4589-986D-8BAC86383424}.Release|iPhone.Deploy.0 = Release|Any CPU
		{87D30F41-414C-4589-986D-8BAC86383424}.Release|iPhoneSimulator.ActiveCfg = Release|Any CPU
		{87D30F41-414C-4589-986D-8BAC86383424}.Release|iPhoneSimulator.Build.0 = Release|Any CPU
		{87D30F41-414C-4589-986D-8BAC86383424}.Release|iPhoneSimulator.Deploy.0 = Release|Any CPU
		{87D30F41-414C-4589-986D-8BAC86383424}.Release|x64.ActiveCfg = Release|Any CPU
		{87D30F41-414C-4589-986D-8BAC86383424}.Release|x64.Build.0 = Release|Any CPU
		{87D30F41-414C-4589-986D-8BAC86383424}.Release|x64.Deploy.0 = Release|Any CPU
		{87D30F41-414C-4589-986D-8BAC86383424}.Release|x86.ActiveCfg = Release|Any CPU
		{87D30F41-414C-4589-986D-8BAC86383424}.Release|x86.Build.0 = Release|Any CPU
		{87D30F41-414C-4589-986D-8BAC86383424}.Release|x86.Deploy.0 = Release|Any CPU
		{D6C9D433-878C-4D2F-A754-825E59F9770D}.Ad-Hoc|Any CPU.ActiveCfg = Ad-Hoc|iPhone
		{D6C9D433-878C-4D2F-A754-825E59F9770D}.Ad-Hoc|Any CPU.Build.0 = Ad-Hoc|iPhone
		{D6C9D433-878C-4D2F-A754-825E59F9770D}.Ad-Hoc|Any CPU.Deploy.0 = Ad-Hoc|iPhone
		{D6C9D433-878C-4D2F-A754-825E59F9770D}.Ad-Hoc|ARM.ActiveCfg = Ad-Hoc|iPhone
		{D6C9D433-878C-4D2F-A754-825E59F9770D}.Ad-Hoc|ARM.Build.0 = Ad-Hoc|iPhone
		{D6C9D433-878C-4D2F-A754-825E59F9770D}.Ad-Hoc|ARM.Deploy.0 = Ad-Hoc|iPhone
		{D6C9D433-878C-4D2F-A754-825E59F9770D}.Ad-Hoc|iPhone.ActiveCfg = Ad-Hoc|iPhone
		{D6C9D433-878C-4D2F-A754-825E59F9770D}.Ad-Hoc|iPhone.Build.0 = Ad-Hoc|iPhone
		{D6C9D433-878C-4D2F-A754-825E59F9770D}.Ad-Hoc|iPhone.Deploy.0 = Ad-Hoc|iPhone
		{D6C9D433-878C-4D2F-A754-825E59F9770D}.Ad-Hoc|iPhoneSimulator.ActiveCfg = Ad-Hoc|iPhoneSimulator
		{D6C9D433-878C-4D2F-A754-825E59F9770D}.Ad-Hoc|iPhoneSimulator.Build.0 = Ad-Hoc|iPhoneSimulator
		{D6C9D433-878C-4D2F-A754-825E59F9770D}.Ad-Hoc|iPhoneSimulator.Deploy.0 = Ad-Hoc|iPhoneSimulator
		{D6C9D433-878C-4D2F-A754-825E59F9770D}.Ad-Hoc|x64.ActiveCfg = Ad-Hoc|iPhone
		{D6C9D433-878C-4D2F-A754-825E59F9770D}.Ad-Hoc|x64.Build.0 = Ad-Hoc|iPhone
		{D6C9D433-878C-4D2F-A754-825E59F9770D}.Ad-Hoc|x64.Deploy.0 = Ad-Hoc|iPhone
		{D6C9D433-878C-4D2F-A754-825E59F9770D}.Ad-Hoc|x86.ActiveCfg = Ad-Hoc|iPhone
		{D6C9D433-878C-4D2F-A754-825E59F9770D}.Ad-Hoc|x86.Build.0 = Ad-Hoc|iPhone
		{D6C9D433-878C-4D2F-A754-825E59F9770D}.Ad-Hoc|x86.Deploy.0 = Ad-Hoc|iPhone
		{D6C9D433-878C-4D2F-A754-825E59F9770D}.AppStore|Any CPU.ActiveCfg = AppStore|iPhone
		{D6C9D433-878C-4D2F-A754-825E59F9770D}.AppStore|Any CPU.Build.0 = AppStore|iPhone
		{D6C9D433-878C-4D2F-A754-825E59F9770D}.AppStore|Any CPU.Deploy.0 = AppStore|iPhone
		{D6C9D433-878C-4D2F-A754-825E59F9770D}.AppStore|ARM.ActiveCfg = AppStore|iPhone
		{D6C9D433-878C-4D2F-A754-825E59F9770D}.AppStore|ARM.Build.0 = AppStore|iPhone
		{D6C9D433-878C-4D2F-A754-825E59F9770D}.AppStore|ARM.Deploy.0 = AppStore|iPhone
		{D6C9D433-878C-4D2F-A754-825E59F9770D}.AppStore|iPhone.ActiveCfg = AppStore|iPhone
		{D6C9D433-878C-4D2F-A754-825E59F9770D}.AppStore|iPhone.Build.0 = AppStore|iPhone
		{D6C9D433-878C-4D2F-A754-825E59F9770D}.AppStore|iPhone.Deploy.0 = AppStore|iPhone
		{D6C9D433-878C-4D2F-A754-825E59F9770D}.AppStore|iPhoneSimulator.ActiveCfg = AppStore|iPhoneSimulator
		{D6C9D433-878C-4D2F-A754-825E59F9770D}.AppStore|iPhoneSimulator.Build.0 = AppStore|iPhoneSimulator
		{D6C9D433-878C-4D2F-A754-825E59F9770D}.AppStore|iPhoneSimulator.Deploy.0 = AppStore|iPhoneSimulator
		{D6C9D433-878C-4D2F-A754-825E59F9770D}.AppStore|x64.ActiveCfg = AppStore|iPhone
		{D6C9D433-878C-4D2F-A754-825E59F9770D}.AppStore|x64.Build.0 = AppStore|iPhone
		{D6C9D433-878C-4D2F-A754-825E59F9770D}.AppStore|x64.Deploy.0 = AppStore|iPhone
		{D6C9D433-878C-4D2F-A754-825E59F9770D}.AppStore|x86.ActiveCfg = AppStore|iPhone
		{D6C9D433-878C-4D2F-A754-825E59F9770D}.AppStore|x86.Build.0 = AppStore|iPhone
		{D6C9D433-878C-4D2F-A754-825E59F9770D}.AppStore|x86.Deploy.0 = AppStore|iPhone
		{D6C9D433-878C-4D2F-A754-825E59F9770D}.Debug|Any CPU.ActiveCfg = Debug|iPhoneSimulator
		{D6C9D433-878C-4D2F-A754-825E59F9770D}.Debug|Any CPU.Build.0 = Debug|iPhoneSimulator
		{D6C9D433-878C-4D2F-A754-825E59F9770D}.Debug|Any CPU.Deploy.0 = Debug|iPhoneSimulator
		{D6C9D433-878C-4D2F-A754-825E59F9770D}.Debug|ARM.ActiveCfg = Debug|iPhone
		{D6C9D433-878C-4D2F-A754-825E59F9770D}.Debug|ARM.Build.0 = Debug|iPhone
		{D6C9D433-878C-4D2F-A754-825E59F9770D}.Debug|ARM.Deploy.0 = Debug|iPhone
		{D6C9D433-878C-4D2F-A754-825E59F9770D}.Debug|iPhone.ActiveCfg = Debug|iPhone
		{D6C9D433-878C-4D2F-A754-825E59F9770D}.Debug|iPhone.Build.0 = Debug|iPhone
		{D6C9D433-878C-4D2F-A754-825E59F9770D}.Debug|iPhone.Deploy.0 = Debug|iPhone
		{D6C9D433-878C-4D2F-A754-825E59F9770D}.Debug|iPhoneSimulator.ActiveCfg = Debug|iPhoneSimulator
		{D6C9D433-878C-4D2F-A754-825E59F9770D}.Debug|iPhoneSimulator.Build.0 = Debug|iPhoneSimulator
		{D6C9D433-878C-4D2F-A754-825E59F9770D}.Debug|iPhoneSimulator.Deploy.0 = Debug|iPhoneSimulator
		{D6C9D433-878C-4D2F-A754-825E59F9770D}.Debug|x64.ActiveCfg = Debug|iPhone
		{D6C9D433-878C-4D2F-A754-825E59F9770D}.Debug|x64.Build.0 = Debug|iPhone
		{D6C9D433-878C-4D2F-A754-825E59F9770D}.Debug|x64.Deploy.0 = Debug|iPhone
		{D6C9D433-878C-4D2F-A754-825E59F9770D}.Debug|x86.ActiveCfg = Debug|iPhone
		{D6C9D433-878C-4D2F-A754-825E59F9770D}.Debug|x86.Build.0 = Debug|iPhone
		{D6C9D433-878C-4D2F-A754-825E59F9770D}.Debug|x86.Deploy.0 = Debug|iPhone
		{D6C9D433-878C-4D2F-A754-825E59F9770D}.Release|Any CPU.ActiveCfg = Release|iPhone
		{D6C9D433-878C-4D2F-A754-825E59F9770D}.Release|Any CPU.Build.0 = Release|iPhone
		{D6C9D433-878C-4D2F-A754-825E59F9770D}.Release|Any CPU.Deploy.0 = Release|iPhone
		{D6C9D433-878C-4D2F-A754-825E59F9770D}.Release|ARM.ActiveCfg = Release|iPhone
		{D6C9D433-878C-4D2F-A754-825E59F9770D}.Release|ARM.Build.0 = Release|iPhone
		{D6C9D433-878C-4D2F-A754-825E59F9770D}.Release|ARM.Deploy.0 = Release|iPhone
		{D6C9D433-878C-4D2F-A754-825E59F9770D}.Release|iPhone.ActiveCfg = Release|iPhone
		{D6C9D433-878C-4D2F-A754-825E59F9770D}.Release|iPhone.Build.0 = Release|iPhone
		{D6C9D433-878C-4D2F-A754-825E59F9770D}.Release|iPhone.Deploy.0 = Release|iPhone
		{D6C9D433-878C-4D2F-A754-825E59F9770D}.Release|iPhoneSimulator.ActiveCfg = Release|iPhoneSimulator
		{D6C9D433-878C-4D2F-A754-825E59F9770D}.Release|iPhoneSimulator.Build.0 = Release|iPhoneSimulator
		{D6C9D433-878C-4D2F-A754-825E59F9770D}.Release|iPhoneSimulator.Deploy.0 = Release|iPhoneSimulator
		{D6C9D433-878C-4D2F-A754-825E59F9770D}.Release|x64.ActiveCfg = Release|iPhone
		{D6C9D433-878C-4D2F-A754-825E59F9770D}.Release|x64.Build.0 = Release|iPhone
		{D6C9D433-878C-4D2F-A754-825E59F9770D}.Release|x64.Deploy.0 = Release|iPhone
		{D6C9D433-878C-4D2F-A754-825E59F9770D}.Release|x86.ActiveCfg = Release|iPhone
		{D6C9D433-878C-4D2F-A754-825E59F9770D}.Release|x86.Build.0 = Release|iPhone
		{D6C9D433-878C-4D2F-A754-825E59F9770D}.Release|x86.Deploy.0 = Release|iPhone
		{96DFDD14-881D-498D-8F5B-54427FAE8E07}.Ad-Hoc|Any CPU.ActiveCfg = Release|x86
		{96DFDD14-881D-498D-8F5B-54427FAE8E07}.Ad-Hoc|Any CPU.Build.0 = Release|x86
		{96DFDD14-881D-498D-8F5B-54427FAE8E07}.Ad-Hoc|Any CPU.Deploy.0 = Release|x86
		{96DFDD14-881D-498D-8F5B-54427FAE8E07}.Ad-Hoc|ARM.ActiveCfg = Release|ARM
		{96DFDD14-881D-498D-8F5B-54427FAE8E07}.Ad-Hoc|ARM.Build.0 = Release|ARM
		{96DFDD14-881D-498D-8F5B-54427FAE8E07}.Ad-Hoc|ARM.Deploy.0 = Release|ARM
		{96DFDD14-881D-498D-8F5B-54427FAE8E07}.Ad-Hoc|iPhone.ActiveCfg = Release|x86
		{96DFDD14-881D-498D-8F5B-54427FAE8E07}.Ad-Hoc|iPhone.Build.0 = Release|x86
		{96DFDD14-881D-498D-8F5B-54427FAE8E07}.Ad-Hoc|iPhone.Deploy.0 = Release|x86
		{96DFDD14-881D-498D-8F5B-54427FAE8E07}.Ad-Hoc|iPhoneSimulator.ActiveCfg = Release|x86
		{96DFDD14-881D-498D-8F5B-54427FAE8E07}.Ad-Hoc|iPhoneSimulator.Build.0 = Release|x86
		{96DFDD14-881D-498D-8F5B-54427FAE8E07}.Ad-Hoc|iPhoneSimulator.Deploy.0 = Release|x86
		{96DFDD14-881D-498D-8F5B-54427FAE8E07}.Ad-Hoc|x64.ActiveCfg = Release|x64
		{96DFDD14-881D-498D-8F5B-54427FAE8E07}.Ad-Hoc|x64.Build.0 = Release|x64
		{96DFDD14-881D-498D-8F5B-54427FAE8E07}.Ad-Hoc|x64.Deploy.0 = Release|x64
		{96DFDD14-881D-498D-8F5B-54427FAE8E07}.Ad-Hoc|x86.ActiveCfg = Release|x86
		{96DFDD14-881D-498D-8F5B-54427FAE8E07}.Ad-Hoc|x86.Build.0 = Release|x86
		{96DFDD14-881D-498D-8F5B-54427FAE8E07}.Ad-Hoc|x86.Deploy.0 = Release|x86
		{96DFDD14-881D-498D-8F5B-54427FAE8E07}.AppStore|Any CPU.ActiveCfg = Release|x86
		{96DFDD14-881D-498D-8F5B-54427FAE8E07}.AppStore|Any CPU.Build.0 = Release|x86
		{96DFDD14-881D-498D-8F5B-54427FAE8E07}.AppStore|Any CPU.Deploy.0 = Release|x86
		{96DFDD14-881D-498D-8F5B-54427FAE8E07}.AppStore|ARM.ActiveCfg = Release|ARM
		{96DFDD14-881D-498D-8F5B-54427FAE8E07}.AppStore|ARM.Build.0 = Release|ARM
		{96DFDD14-881D-498D-8F5B-54427FAE8E07}.AppStore|ARM.Deploy.0 = Release|ARM
		{96DFDD14-881D-498D-8F5B-54427FAE8E07}.AppStore|iPhone.ActiveCfg = Release|x86
		{96DFDD14-881D-498D-8F5B-54427FAE8E07}.AppStore|iPhone.Build.0 = Release|x86
		{96DFDD14-881D-498D-8F5B-54427FAE8E07}.AppStore|iPhone.Deploy.0 = Release|x86
		{96DFDD14-881D-498D-8F5B-54427FAE8E07}.AppStore|iPhoneSimulator.ActiveCfg = Release|x86
		{96DFDD14-881D-498D-8F5B-54427FAE8E07}.AppStore|iPhoneSimulator.Build.0 = Release|x86
		{96DFDD14-881D-498D-8F5B-54427FAE8E07}.AppStore|iPhoneSimulator.Deploy.0 = Release|x86
		{96DFDD14-881D-498D-8F5B-54427FAE8E07}.AppStore|x64.ActiveCfg = Release|x64
		{96DFDD14-881D-498D-8F5B-54427FAE8E07}.AppStore|x64.Build.0 = Release|x64
		{96DFDD14-881D-498D-8F5B-54427FAE8E07}.AppStore|x64.Deploy.0 = Release|x64
		{96DFDD14-881D-498D-8F5B-54427FAE8E07}.AppStore|x86.ActiveCfg = Release|x86
		{96DFDD14-881D-498D-8F5B-54427FAE8E07}.AppStore|x86.Build.0 = Release|x86
		{96DFDD14-881D-498D-8F5B-54427FAE8E07}.AppStore|x86.Deploy.0 = Release|x86
		{96DFDD14-881D-498D-8F5B-54427FAE8E07}.Debug|Any CPU.ActiveCfg = Debug|x86
		{96DFDD14-881D-498D-8F5B-54427FAE8E07}.Debug|Any CPU.Build.0 = Debug|x86
		{96DFDD14-881D-498D-8F5B-54427FAE8E07}.Debug|Any CPU.Deploy.0 = Debug|x86
		{96DFDD14-881D-498D-8F5B-54427FAE8E07}.Debug|ARM.ActiveCfg = Debug|ARM
		{96DFDD14-881D-498D-8F5B-54427FAE8E07}.Debug|ARM.Build.0 = Debug|ARM
		{96DFDD14-881D-498D-8F5B-54427FAE8E07}.Debug|ARM.Deploy.0 = Debug|ARM
		{96DFDD14-881D-498D-8F5B-54427FAE8E07}.Debug|iPhone.ActiveCfg = Debug|x86
		{96DFDD14-881D-498D-8F5B-54427FAE8E07}.Debug|iPhone.Build.0 = Debug|x86
		{96DFDD14-881D-498D-8F5B-54427FAE8E07}.Debug|iPhone.Deploy.0 = Debug|x86
		{96DFDD14-881D-498D-8F5B-54427FAE8E07}.Debug|iPhoneSimulator.ActiveCfg = Debug|x86
		{96DFDD14-881D-498D-8F5B-54427FAE8E07}.Debug|iPhoneSimulator.Build.0 = Debug|x86
		{96DFDD14-881D-498D-8F5B-54427FAE8E07}.Debug|iPhoneSimulator.Deploy.0 = Debug|x86
		{96DFDD14-881D-498D-8F5B-54427FAE8E07}.Debug|x64.ActiveCfg = Debug|x64
		{96DFDD14-881D-498D-8F5B-54427FAE8E07}.Debug|x64.Build.0 = Debug|x64
		{96DFDD14-881D-498D-8F5B-54427FAE8E07}.Debug|x64.Deploy.0 = Debug|x64
		{96DFDD14-881D-498D-8F5B-54427FAE8E07}.Debug|x86.ActiveCfg = Debug|x86
		{96DFDD14-881D-498D-8F5B-54427FAE8E07}.Debug|x86.Build.0 = Debug|x86
		{96DFDD14-881D-498D-8F5B-54427FAE8E07}.Debug|x86.Deploy.0 = Debug|x86
		{96DFDD14-881D-498D-8F5B-54427FAE8E07}.Release|Any CPU.ActiveCfg = Release|x86
		{96DFDD14-881D-498D-8F5B-54427FAE8E07}.Release|Any CPU.Build.0 = Release|x86
		{96DFDD14-881D-498D-8F5B-54427FAE8E07}.Release|Any CPU.Deploy.0 = Release|x86
		{96DFDD14-881D-498D-8F5B-54427FAE8E07}.Release|ARM.ActiveCfg = Release|ARM
		{96DFDD14-881D-498D-8F5B-54427FAE8E07}.Release|ARM.Build.0 = Release|ARM
		{96DFDD14-881D-498D-8F5B-54427FAE8E07}.Release|ARM.Deploy.0 = Release|ARM
		{96DFDD14-881D-498D-8F5B-54427FAE8E07}.Release|iPhone.ActiveCfg = Release|x86
		{96DFDD14-881D-498D-8F5B-54427FAE8E07}.Release|iPhone.Build.0 = Release|x86
		{96DFDD14-881D-498D-8F5B-54427FAE8E07}.Release|iPhone.Deploy.0 = Release|x86
		{96DFDD14-881D-498D-8F5B-54427FAE8E07}.Release|iPhoneSimulator.ActiveCfg = Release|x86
		{96DFDD14-881D-498D-8F5B-54427FAE8E07}.Release|iPhoneSimulator.Build.0 = Release|x86
		{96DFDD14-881D-498D-8F5B-54427FAE8E07}.Release|iPhoneSimulator.Deploy.0 = Release|x86
		{96DFDD14-881D-498D-8F5B-54427FAE8E07}.Release|x64.ActiveCfg = Release|x64
		{96DFDD14-881D-498D-8F5B-54427FAE8E07}.Release|x64.Build.0 = Release|x64
		{96DFDD14-881D-498D-8F5B-54427FAE8E07}.Release|x64.Deploy.0 = Release|x64
		{96DFDD14-881D-498D-8F5B-54427FAE8E07}.Release|x86.ActiveCfg = Release|x86
		{96DFDD14-881D-498D-8F5B-54427FAE8E07}.Release|x86.Build.0 = Release|x86
		{96DFDD14-881D-498D-8F5B-54427FAE8E07}.Release|x86.Deploy.0 = Release|x86
		{04DBC798-8CE9-47E6-9607-8B8F8BFE046F}.Ad-Hoc|Any CPU.ActiveCfg = Debug|Any CPU
		{04DBC798-8CE9-47E6-9607-8B8F8BFE046F}.Ad-Hoc|Any CPU.Build.0 = Debug|Any CPU
		{04DBC798-8CE9-47E6-9607-8B8F8BFE046F}.Ad-Hoc|Any CPU.Deploy.0 = Debug|Any CPU
		{04DBC798-8CE9-47E6-9607-8B8F8BFE046F}.Ad-Hoc|ARM.ActiveCfg = Debug|Any CPU
		{04DBC798-8CE9-47E6-9607-8B8F8BFE046F}.Ad-Hoc|ARM.Build.0 = Debug|Any CPU
		{04DBC798-8CE9-47E6-9607-8B8F8BFE046F}.Ad-Hoc|ARM.Deploy.0 = Debug|Any CPU
		{04DBC798-8CE9-47E6-9607-8B8F8BFE046F}.Ad-Hoc|iPhone.ActiveCfg = Debug|Any CPU
		{04DBC798-8CE9-47E6-9607-8B8F8BFE046F}.Ad-Hoc|iPhone.Build.0 = Debug|Any CPU
		{04DBC798-8CE9-47E6-9607-8B8F8BFE046F}.Ad-Hoc|iPhone.Deploy.0 = Debug|Any CPU
		{04DBC798-8CE9-47E6-9607-8B8F8BFE046F}.Ad-Hoc|iPhoneSimulator.ActiveCfg = Debug|Any CPU
		{04DBC798-8CE9-47E6-9607-8B8F8BFE046F}.Ad-Hoc|iPhoneSimulator.Build.0 = Debug|Any CPU
		{04DBC798-8CE9-47E6-9607-8B8F8BFE046F}.Ad-Hoc|iPhoneSimulator.Deploy.0 = Debug|Any CPU
		{04DBC798-8CE9-47E6-9607-8B8F8BFE046F}.Ad-Hoc|x64.ActiveCfg = Debug|Any CPU
		{04DBC798-8CE9-47E6-9607-8B8F8BFE046F}.Ad-Hoc|x64.Build.0 = Debug|Any CPU
		{04DBC798-8CE9-47E6-9607-8B8F8BFE046F}.Ad-Hoc|x64.Deploy.0 = Debug|Any CPU
		{04DBC798-8CE9-47E6-9607-8B8F8BFE046F}.Ad-Hoc|x86.ActiveCfg = Debug|Any CPU
		{04DBC798-8CE9-47E6-9607-8B8F8BFE046F}.Ad-Hoc|x86.Build.0 = Debug|Any CPU
		{04DBC798-8CE9-47E6-9607-8B8F8BFE046F}.Ad-Hoc|x86.Deploy.0 = Debug|Any CPU
		{04DBC798-8CE9-47E6-9607-8B8F8BFE046F}.AppStore|Any CPU.ActiveCfg = Debug|Any CPU
		{04DBC798-8CE9-47E6-9607-8B8F8BFE046F}.AppStore|Any CPU.Build.0 = Debug|Any CPU
		{04DBC798-8CE9-47E6-9607-8B8F8BFE046F}.AppStore|Any CPU.Deploy.0 = Debug|Any CPU
		{04DBC798-8CE9-47E6-9607-8B8F8BFE046F}.AppStore|ARM.ActiveCfg = Debug|Any CPU
		{04DBC798-8CE9-47E6-9607-8B8F8BFE046F}.AppStore|ARM.Build.0 = Debug|Any CPU
		{04DBC798-8CE9-47E6-9607-8B8F8BFE046F}.AppStore|ARM.Deploy.0 = Debug|Any CPU
		{04DBC798-8CE9-47E6-9607-8B8F8BFE046F}.AppStore|iPhone.ActiveCfg = Debug|Any CPU
		{04DBC798-8CE9-47E6-9607-8B8F8BFE046F}.AppStore|iPhone.Build.0 = Debug|Any CPU
		{04DBC798-8CE9-47E6-9607-8B8F8BFE046F}.AppStore|iPhone.Deploy.0 = Debug|Any CPU
		{04DBC798-8CE9-47E6-9607-8B8F8BFE046F}.AppStore|iPhoneSimulator.ActiveCfg = Debug|Any CPU
		{04DBC798-8CE9-47E6-9607-8B8F8BFE046F}.AppStore|iPhoneSimulator.Build.0 = Debug|Any CPU
		{04DBC798-8CE9-47E6-9607-8B8F8BFE046F}.AppStore|iPhoneSimulator.Deploy.0 = Debug|Any CPU
		{04DBC798-8CE9-47E6-9607-8B8F8BFE046F}.AppStore|x64.ActiveCfg = Debug|Any CPU
		{04DBC798-8CE9-47E6-9607-8B8F8BFE046F}.AppStore|x64.Build.0 = Debug|Any CPU
		{04DBC798-8CE9-47E6-9607-8B8F8BFE046F}.AppStore|x64.Deploy.0 = Debug|Any CPU
		{04DBC798-8CE9-47E6-9607-8B8F8BFE046F}.AppStore|x86.ActiveCfg = Debug|Any CPU
		{04DBC798-8CE9-47E6-9607-8B8F8BFE046F}.AppStore|x86.Build.0 = Debug|Any CPU
		{04DBC798-8CE9-47E6-9607-8B8F8BFE046F}.AppStore|x86.Deploy.0 = Debug|Any CPU
		{04DBC798-8CE9-47E6-9607-8B8F8BFE046F}.Debug|Any CPU.ActiveCfg = Debug|Any CPU
		{04DBC798-8CE9-47E6-9607-8B8F8BFE046F}.Debug|Any CPU.Build.0 = Debug|Any CPU
		{04DBC798-8CE9-47E6-9607-8B8F8BFE046F}.Debug|Any CPU.Deploy.0 = Debug|Any CPU
		{04DBC798-8CE9-47E6-9607-8B8F8BFE046F}.Debug|ARM.ActiveCfg = Debug|Any CPU
		{04DBC798-8CE9-47E6-9607-8B8F8BFE046F}.Debug|ARM.Build.0 = Debug|Any CPU
		{04DBC798-8CE9-47E6-9607-8B8F8BFE046F}.Debug|ARM.Deploy.0 = Debug|Any CPU
		{04DBC798-8CE9-47E6-9607-8B8F8BFE046F}.Debug|iPhone.ActiveCfg = Debug|Any CPU
		{04DBC798-8CE9-47E6-9607-8B8F8BFE046F}.Debug|iPhone.Build.0 = Debug|Any CPU
		{04DBC798-8CE9-47E6-9607-8B8F8BFE046F}.Debug|iPhone.Deploy.0 = Debug|Any CPU
		{04DBC798-8CE9-47E6-9607-8B8F8BFE046F}.Debug|iPhoneSimulator.ActiveCfg = Debug|Any CPU
		{04DBC798-8CE9-47E6-9607-8B8F8BFE046F}.Debug|iPhoneSimulator.Build.0 = Debug|Any CPU
		{04DBC798-8CE9-47E6-9607-8B8F8BFE046F}.Debug|iPhoneSimulator.Deploy.0 = Debug|Any CPU
		{04DBC798-8CE9-47E6-9607-8B8F8BFE046F}.Debug|x64.ActiveCfg = Debug|Any CPU
		{04DBC798-8CE9-47E6-9607-8B8F8BFE046F}.Debug|x64.Build.0 = Debug|Any CPU
		{04DBC798-8CE9-47E6-9607-8B8F8BFE046F}.Debug|x64.Deploy.0 = Debug|Any CPU
		{04DBC798-8CE9-47E6-9607-8B8F8BFE046F}.Debug|x86.ActiveCfg = Debug|Any CPU
		{04DBC798-8CE9-47E6-9607-8B8F8BFE046F}.Debug|x86.Build.0 = Debug|Any CPU
		{04DBC798-8CE9-47E6-9607-8B8F8BFE046F}.Debug|x86.Deploy.0 = Debug|Any CPU
		{04DBC798-8CE9-47E6-9607-8B8F8BFE046F}.Release|Any CPU.ActiveCfg = Release|Any CPU
		{04DBC798-8CE9-47E6-9607-8B8F8BFE046F}.Release|Any CPU.Build.0 = Release|Any CPU
		{04DBC798-8CE9-47E6-9607-8B8F8BFE046F}.Release|Any CPU.Deploy.0 = Release|Any CPU
		{04DBC798-8CE9-47E6-9607-8B8F8BFE046F}.Release|ARM.ActiveCfg = Release|Any CPU
		{04DBC798-8CE9-47E6-9607-8B8F8BFE046F}.Release|ARM.Build.0 = Release|Any CPU
		{04DBC798-8CE9-47E6-9607-8B8F8BFE046F}.Release|ARM.Deploy.0 = Release|Any CPU
		{04DBC798-8CE9-47E6-9607-8B8F8BFE046F}.Release|iPhone.ActiveCfg = Release|Any CPU
		{04DBC798-8CE9-47E6-9607-8B8F8BFE046F}.Release|iPhone.Build.0 = Release|Any CPU
		{04DBC798-8CE9-47E6-9607-8B8F8BFE046F}.Release|iPhone.Deploy.0 = Release|Any CPU
		{04DBC798-8CE9-47E6-9607-8B8F8BFE046F}.Release|iPhoneSimulator.ActiveCfg = Release|Any CPU
		{04DBC798-8CE9-47E6-9607-8B8F8BFE046F}.Release|iPhoneSimulator.Build.0 = Release|Any CPU
		{04DBC798-8CE9-47E6-9607-8B8F8BFE046F}.Release|iPhoneSimulator.Deploy.0 = Release|Any CPU
		{04DBC798-8CE9-47E6-9607-8B8F8BFE046F}.Release|x64.ActiveCfg = Release|Any CPU
		{04DBC798-8CE9-47E6-9607-8B8F8BFE046F}.Release|x64.Build.0 = Release|Any CPU
		{04DBC798-8CE9-47E6-9607-8B8F8BFE046F}.Release|x64.Deploy.0 = Release|Any CPU
		{04DBC798-8CE9-47E6-9607-8B8F8BFE046F}.Release|x86.ActiveCfg = Release|Any CPU
		{04DBC798-8CE9-47E6-9607-8B8F8BFE046F}.Release|x86.Build.0 = Release|Any CPU
		{04DBC798-8CE9-47E6-9607-8B8F8BFE046F}.Release|x86.Deploy.0 = Release|Any CPU
	EndGlobalSection
	GlobalSection(SolutionProperties) = preSolution
		HideSolutionNode = FALSE
	EndGlobalSection
	GlobalSection(ExtensibilityGlobals) = postSolution
		SolutionGuid = {DC5D2D43-6B50-46E8-AE2E-C497927CBEAB}
	EndGlobalSection
EndGlobal
